Microsoft Visual Studio Solution File, Format Version 12.00
# Visual Studio Version 17
VisualStudioVersion = 17.5.2.0
MinimumVisualStudioVersion = 10.0.40219.1
Project("{FAE04EC0-301F-11D3-BF4B-00C04F79EFBC}") = "travel_and_drinks", "travel_and_drinks.csproj", "{2267EB82-A58F-7ECD-D6DE-5C7EABB1D417}"
EndProject
Global
	GlobalSection(SolutionConfigurationPlatforms) = preSolution
		Debug|Any CPU = Debug|Any CPU
		Release|Any CPU = Release|Any CPU
	EndGlobalSection
	GlobalSection(ProjectConfigurationPlatforms) = postSolution
		{2267EB82-A58F-7ECD-D6DE-5C7EABB1D417}.Debug|Any CPU.ActiveCfg = Debug|Any CPU
		{2267EB82-A58F-7ECD-D6DE-5C7EABB1D417}.Debug|Any CPU.Build.0 = Debug|Any CPU
		{2267EB82-A58F-7ECD-D6DE-5C7EABB1D417}.Release|Any CPU.ActiveCfg = Release|Any CPU
		{2267EB82-A58F-7ECD-D6DE-5C7EABB1D417}.Release|Any CPU.Build.0 = Release|Any CPU
	EndGlobalSection
	GlobalSection(SolutionProperties) = preSolution
		HideSolutionNode = FALSE
	EndGlobalSection
	GlobalSection(ExtensibilityGlobals) = postSolution
<<<<<<< HEAD
		SolutionGuid = {E5F4B25E-01D9-4A52-BF18-ABF813106432}
=======
		SolutionGuid = {C406AD5C-6519-452B-9106-19B410544057}
>>>>>>> 7b22cea96aa087b9fda96eceabafc015f1ef541a
	EndGlobalSection
EndGlobal
